// !$*UTF8*$!
{
	archiveVersion = 1;
	classes = {
	};
	objectVersion = 56;
	objects = {

/* Begin PBXBuildFile section */
		0606993A2C2D03F60052A80F /* UserDefaultsID.swift in Sources */ = {isa = PBXBuildFile; fileRef = 060699392C2D03F60052A80F /* UserDefaultsID.swift */; };
		0642E9D92C2EA31C008470CF /* ShoppingNetworkRequest.swift in Sources */ = {isa = PBXBuildFile; fileRef = 0642E9D82C2EA31C008470CF /* ShoppingNetworkRequest.swift */; };
		064914832C1B18F700B05833 /* Color+.swift in Sources */ = {isa = PBXBuildFile; fileRef = 064914822C1B18F700B05833 /* Color+.swift */; };
		064914852C1B1D8500B05833 /* SelcetButton.swift in Sources */ = {isa = PBXBuildFile; fileRef = 064914842C1B1D8500B05833 /* SelcetButton.swift */; };
		064914872C1B27D300B05833 /* ProfileSetViewController.swift in Sources */ = {isa = PBXBuildFile; fileRef = 064914862C1B27D300B05833 /* ProfileSetViewController.swift */; };
		064914892C1B282200B05833 /* ReuseIdentifier+.swift in Sources */ = {isa = PBXBuildFile; fileRef = 064914882C1B282200B05833 /* ReuseIdentifier+.swift */; };
		064914902C1B325400B05833 /* ProfileImageView.swift in Sources */ = {isa = PBXBuildFile; fileRef = 0649148F2C1B325400B05833 /* ProfileImageView.swift */; };
		064914922C1B33DC00B05833 /* UserModel.swift in Sources */ = {isa = PBXBuildFile; fileRef = 064914912C1B33DC00B05833 /* UserModel.swift */; };
		064914942C1B508400B05833 /* NickNameFilter.swift in Sources */ = {isa = PBXBuildFile; fileRef = 064914932C1B508400B05833 /* NickNameFilter.swift */; };
		064914962C1B529500B05833 /* ViewController+.swift in Sources */ = {isa = PBXBuildFile; fileRef = 064914952C1B529500B05833 /* ViewController+.swift */; };
		064914982C1B5D8000B05833 /* SearchViewController.swift in Sources */ = {isa = PBXBuildFile; fileRef = 064914972C1B5D8000B05833 /* SearchViewController.swift */; };
		0649149A2C1B5E1700B05833 /* SelectProfileViewController.swift in Sources */ = {isa = PBXBuildFile; fileRef = 064914992C1B5E1700B05833 /* SelectProfileViewController.swift */; };
		0649149D2C1B6EA700B05833 /* SelectProfileCollectionViewCell.swift in Sources */ = {isa = PBXBuildFile; fileRef = 0649149C2C1B6EA700B05833 /* SelectProfileCollectionViewCell.swift */; };
		0649149F2C1C235300B05833 /* TabBarController.swift in Sources */ = {isa = PBXBuildFile; fileRef = 0649149E2C1C235300B05833 /* TabBarController.swift */; };
		064914A12C1C23A200B05833 /* SettingViewController.swift in Sources */ = {isa = PBXBuildFile; fileRef = 064914A02C1C23A200B05833 /* SettingViewController.swift */; };
		0650C6232C1C6BA400BDC4D1 /* Placeholder.swift in Sources */ = {isa = PBXBuildFile; fileRef = 0650C6222C1C6BA400BDC4D1 /* Placeholder.swift */; };
		0650C6252C1C720700BDC4D1 /* SearchDataModel.swift in Sources */ = {isa = PBXBuildFile; fileRef = 0650C6242C1C720700BDC4D1 /* SearchDataModel.swift */; };
		0650C62A2C1C7C5800BDC4D1 /* SearchTableViewCell.swift in Sources */ = {isa = PBXBuildFile; fileRef = 0650C6292C1C7C5800BDC4D1 /* SearchTableViewCell.swift */; };
		0650C62C2C1CAED800BDC4D1 /* APIKey.swift in Sources */ = {isa = PBXBuildFile; fileRef = 0650C62B2C1CAED800BDC4D1 /* APIKey.swift */; };
		0650C62F2C1CB02500BDC4D1 /* SearchResultViewController.swift in Sources */ = {isa = PBXBuildFile; fileRef = 0650C62E2C1CB02500BDC4D1 /* SearchResultViewController.swift */; };
		0650C6312C1CB0FC00BDC4D1 /* FilterButton.swift in Sources */ = {isa = PBXBuildFile; fileRef = 0650C6302C1CB0FC00BDC4D1 /* FilterButton.swift */; };
		0650C6332C1CB28A00BDC4D1 /* ShoppingModel.swift in Sources */ = {isa = PBXBuildFile; fileRef = 0650C6322C1CB28A00BDC4D1 /* ShoppingModel.swift */; };
		0650C6352C1CB8E200BDC4D1 /* SearchResultCollectionViewCell.swift in Sources */ = {isa = PBXBuildFile; fileRef = 0650C6342C1CB8E200BDC4D1 /* SearchResultCollectionViewCell.swift */; };
		0658AF1D2C1DD98D00C65E3E /* NetworkViewController.swift in Sources */ = {isa = PBXBuildFile; fileRef = 0658AF1C2C1DD98D00C65E3E /* NetworkViewController.swift */; };
		0658AF1F2C1DF55F00C65E3E /* SettingTableViewCell.swift in Sources */ = {isa = PBXBuildFile; fileRef = 0658AF1E2C1DF55F00C65E3E /* SettingTableViewCell.swift */; };
		0658AF212C1E12F300C65E3E /* ProfileSetType.swift in Sources */ = {isa = PBXBuildFile; fileRef = 0658AF202C1E12F300C65E3E /* ProfileSetType.swift */; };
		065E51672C3E8E190079DE64 /* BaseCollectioViewCell.swift in Sources */ = {isa = PBXBuildFile; fileRef = 065E51662C3E8E190079DE64 /* BaseCollectioViewCell.swift */; };
		065E516A2C3EA7820079DE64 /* SearchViewModel.swift in Sources */ = {isa = PBXBuildFile; fileRef = 065E51692C3EA7820079DE64 /* SearchViewModel.swift */; };
		065E516C2C3EE9C90079DE64 /* ShoppingNetworkManager.swift in Sources */ = {isa = PBXBuildFile; fileRef = 065E516B2C3EE9C90079DE64 /* ShoppingNetworkManager.swift */; };
		065E517A2C42C3A80079DE64 /* SearchResultViewModel.swift in Sources */ = {isa = PBXBuildFile; fileRef = 065E51792C42C3A80079DE64 /* SearchResultViewModel.swift */; };
		0690BC562C216C2400C5EAF6 /* NavigationController+.swift in Sources */ = {isa = PBXBuildFile; fileRef = 0690BC552C216C2400C5EAF6 /* NavigationController+.swift */; };
		06A035D32C3BC10800CAFE3B /* LikeItemShowViewController.swift in Sources */ = {isa = PBXBuildFile; fileRef = 06A035D22C3BC10800CAFE3B /* LikeItemShowViewController.swift */; };
		06A035D52C3BC12800CAFE3B /* BaseViewController.swift in Sources */ = {isa = PBXBuildFile; fileRef = 06A035D42C3BC12800CAFE3B /* BaseViewController.swift */; };
		06A035D72C3BC81900CAFE3B /* RealmLikeListModel.swift in Sources */ = {isa = PBXBuildFile; fileRef = 06A035D62C3BC81900CAFE3B /* RealmLikeListModel.swift */; };
		06A035DC2C3BCDA600CAFE3B /* LikeRepository.swift in Sources */ = {isa = PBXBuildFile; fileRef = 06A035DB2C3BCDA600CAFE3B /* LikeRepository.swift */; };
		06A035DE2C3BD48A00CAFE3B /* FolderModel.swift in Sources */ = {isa = PBXBuildFile; fileRef = 06A035DD2C3BD48A00CAFE3B /* FolderModel.swift */; };
		06A035E32C3BDBF500CAFE3B /* RealmSwift in Frameworks */ = {isa = PBXBuildFile; productRef = 06A035E22C3BDBF500CAFE3B /* RealmSwift */; settings = {ATTRIBUTES = (Required, ); }; };
		06A035E52C3C024400CAFE3B /* LikeFolderShowViewController.swift in Sources */ = {isa = PBXBuildFile; fileRef = 06A035E42C3C024400CAFE3B /* LikeFolderShowViewController.swift */; };
		06A035E72C3C027000CAFE3B /* LikeFolderShowTableViewCell.swift in Sources */ = {isa = PBXBuildFile; fileRef = 06A035E62C3C027000CAFE3B /* LikeFolderShowTableViewCell.swift */; };
		06A035E92C3C042900CAFE3B /* BaseTableViewCell.swift in Sources */ = {isa = PBXBuildFile; fileRef = 06A035E82C3C042900CAFE3B /* BaseTableViewCell.swift */; };
		06A035EB2C3C0D2600CAFE3B /* AddFolderViewController.swift in Sources */ = {isa = PBXBuildFile; fileRef = 06A035EA2C3C0D2600CAFE3B /* AddFolderViewController.swift */; };
		06A035F52C3D238200CAFE3B /* ProfileSetViewModel.swift in Sources */ = {isa = PBXBuildFile; fileRef = 06A035F42C3D238200CAFE3B /* ProfileSetViewModel.swift */; };
		06A035F72C3D239F00CAFE3B /* Obsearvable.swift in Sources */ = {isa = PBXBuildFile; fileRef = 06A035F62C3D239F00CAFE3B /* Obsearvable.swift */; };
		06A035FB2C3D4F8100CAFE3B /* SelectProfileViewModel.swift in Sources */ = {isa = PBXBuildFile; fileRef = 06A035FA2C3D4F8100CAFE3B /* SelectProfileViewModel.swift */; };
		06B2ACDB2C42F93700BC2C1E /* FilterButtonView.swift in Sources */ = {isa = PBXBuildFile; fileRef = 06B2ACDA2C42F93700BC2C1E /* FilterButtonView.swift */; };
		06E167A22C2ABCF800FD2FE7 /* OnboardingView.swift in Sources */ = {isa = PBXBuildFile; fileRef = 06E167A12C2ABCF800FD2FE7 /* OnboardingView.swift */; };
		06E167A42C2ABD0600FD2FE7 /* BaseView.swift in Sources */ = {isa = PBXBuildFile; fileRef = 06E167A32C2ABD0600FD2FE7 /* BaseView.swift */; };
		06F530932C1B085300487212 /* AppDelegate.swift in Sources */ = {isa = PBXBuildFile; fileRef = 06F530922C1B085300487212 /* AppDelegate.swift */; };
		06F530952C1B085300487212 /* SceneDelegate.swift in Sources */ = {isa = PBXBuildFile; fileRef = 06F530942C1B085300487212 /* SceneDelegate.swift */; };
		06F5309C2C1B085500487212 /* Assets.xcassets in Resources */ = {isa = PBXBuildFile; fileRef = 06F5309B2C1B085500487212 /* Assets.xcassets */; };
		06F5309F2C1B085500487212 /* Base in Resources */ = {isa = PBXBuildFile; fileRef = 06F5309E2C1B085500487212 /* Base */; };
		06F530A72C1B087400487212 /* .gitignore in Resources */ = {isa = PBXBuildFile; fileRef = 06F530A62C1B087400487212 /* .gitignore */; };
		06F530AA2C1B0F8300487212 /* OnboardingViewController.swift in Sources */ = {isa = PBXBuildFile; fileRef = 06F530A92C1B0F8300487212 /* OnboardingViewController.swift */; };
		06F530AF2C1B0FBE00487212 /* IQKeyboardManagerSwift in Frameworks */ = {isa = PBXBuildFile; productRef = 06F530AE2C1B0FBE00487212 /* IQKeyboardManagerSwift */; settings = {ATTRIBUTES = (Required, ); }; };
		06F530B22C1B0FC800487212 /* Alamofire in Frameworks */ = {isa = PBXBuildFile; productRef = 06F530B12C1B0FC800487212 /* Alamofire */; };
		06F530B52C1B0FD400487212 /* Kingfisher in Frameworks */ = {isa = PBXBuildFile; productRef = 06F530B42C1B0FD400487212 /* Kingfisher */; settings = {ATTRIBUTES = (Required, ); }; };
		06F530B82C1B0FDC00487212 /* SnapKit in Frameworks */ = {isa = PBXBuildFile; productRef = 06F530B72C1B0FDC00487212 /* SnapKit */; settings = {ATTRIBUTES = (Required, ); }; };
		06F530BA2C1B104400487212 /* Image+.swift in Sources */ = {isa = PBXBuildFile; fileRef = 06F530B92C1B104400487212 /* Image+.swift */; };
/* End PBXBuildFile section */

/* Begin PBXFileReference section */
		060699392C2D03F60052A80F /* UserDefaultsID.swift */ = {isa = PBXFileReference; lastKnownFileType = sourcecode.swift; path = UserDefaultsID.swift; sourceTree = "<group>"; };
		0642E9D82C2EA31C008470CF /* ShoppingNetworkRequest.swift */ = {isa = PBXFileReference; lastKnownFileType = sourcecode.swift; path = ShoppingNetworkRequest.swift; sourceTree = "<group>"; };
		064914822C1B18F700B05833 /* Color+.swift */ = {isa = PBXFileReference; lastKnownFileType = sourcecode.swift; path = "Color+.swift"; sourceTree = "<group>"; };
		064914842C1B1D8500B05833 /* SelcetButton.swift */ = {isa = PBXFileReference; lastKnownFileType = sourcecode.swift; path = SelcetButton.swift; sourceTree = "<group>"; };
		064914862C1B27D300B05833 /* ProfileSetViewController.swift */ = {isa = PBXFileReference; lastKnownFileType = sourcecode.swift; path = ProfileSetViewController.swift; sourceTree = "<group>"; };
		064914882C1B282200B05833 /* ReuseIdentifier+.swift */ = {isa = PBXFileReference; lastKnownFileType = sourcecode.swift; path = "ReuseIdentifier+.swift"; sourceTree = "<group>"; };
		0649148F2C1B325400B05833 /* ProfileImageView.swift */ = {isa = PBXFileReference; lastKnownFileType = sourcecode.swift; path = ProfileImageView.swift; sourceTree = "<group>"; };
		064914912C1B33DC00B05833 /* UserModel.swift */ = {isa = PBXFileReference; lastKnownFileType = sourcecode.swift; path = UserModel.swift; sourceTree = "<group>"; };
		064914932C1B508400B05833 /* NickNameFilter.swift */ = {isa = PBXFileReference; lastKnownFileType = sourcecode.swift; path = NickNameFilter.swift; sourceTree = "<group>"; };
		064914952C1B529500B05833 /* ViewController+.swift */ = {isa = PBXFileReference; lastKnownFileType = sourcecode.swift; path = "ViewController+.swift"; sourceTree = "<group>"; };
		064914972C1B5D8000B05833 /* SearchViewController.swift */ = {isa = PBXFileReference; lastKnownFileType = sourcecode.swift; path = SearchViewController.swift; sourceTree = "<group>"; };
		064914992C1B5E1700B05833 /* SelectProfileViewController.swift */ = {isa = PBXFileReference; lastKnownFileType = sourcecode.swift; path = SelectProfileViewController.swift; sourceTree = "<group>"; };
		0649149C2C1B6EA700B05833 /* SelectProfileCollectionViewCell.swift */ = {isa = PBXFileReference; lastKnownFileType = sourcecode.swift; path = SelectProfileCollectionViewCell.swift; sourceTree = "<group>"; };
		0649149E2C1C235300B05833 /* TabBarController.swift */ = {isa = PBXFileReference; lastKnownFileType = sourcecode.swift; path = TabBarController.swift; sourceTree = "<group>"; };
		064914A02C1C23A200B05833 /* SettingViewController.swift */ = {isa = PBXFileReference; lastKnownFileType = sourcecode.swift; path = SettingViewController.swift; sourceTree = "<group>"; };
		0650C6222C1C6BA400BDC4D1 /* Placeholder.swift */ = {isa = PBXFileReference; lastKnownFileType = sourcecode.swift; path = Placeholder.swift; sourceTree = "<group>"; };
		0650C6242C1C720700BDC4D1 /* SearchDataModel.swift */ = {isa = PBXFileReference; lastKnownFileType = sourcecode.swift; path = SearchDataModel.swift; sourceTree = "<group>"; };
		0650C6292C1C7C5800BDC4D1 /* SearchTableViewCell.swift */ = {isa = PBXFileReference; lastKnownFileType = sourcecode.swift; path = SearchTableViewCell.swift; sourceTree = "<group>"; };
		0650C62B2C1CAED800BDC4D1 /* APIKey.swift */ = {isa = PBXFileReference; lastKnownFileType = sourcecode.swift; path = APIKey.swift; sourceTree = "<group>"; };
		0650C62E2C1CB02500BDC4D1 /* SearchResultViewController.swift */ = {isa = PBXFileReference; lastKnownFileType = sourcecode.swift; path = SearchResultViewController.swift; sourceTree = "<group>"; };
		0650C6302C1CB0FC00BDC4D1 /* FilterButton.swift */ = {isa = PBXFileReference; lastKnownFileType = sourcecode.swift; path = FilterButton.swift; sourceTree = "<group>"; };
		0650C6322C1CB28A00BDC4D1 /* ShoppingModel.swift */ = {isa = PBXFileReference; lastKnownFileType = sourcecode.swift; path = ShoppingModel.swift; sourceTree = "<group>"; };
		0650C6342C1CB8E200BDC4D1 /* SearchResultCollectionViewCell.swift */ = {isa = PBXFileReference; lastKnownFileType = sourcecode.swift; path = SearchResultCollectionViewCell.swift; sourceTree = "<group>"; };
		0658AF1C2C1DD98D00C65E3E /* NetworkViewController.swift */ = {isa = PBXFileReference; lastKnownFileType = sourcecode.swift; path = NetworkViewController.swift; sourceTree = "<group>"; };
		0658AF1E2C1DF55F00C65E3E /* SettingTableViewCell.swift */ = {isa = PBXFileReference; lastKnownFileType = sourcecode.swift; path = SettingTableViewCell.swift; sourceTree = "<group>"; };
		0658AF202C1E12F300C65E3E /* ProfileSetType.swift */ = {isa = PBXFileReference; lastKnownFileType = sourcecode.swift; path = ProfileSetType.swift; sourceTree = "<group>"; };
		065E51662C3E8E190079DE64 /* BaseCollectioViewCell.swift */ = {isa = PBXFileReference; lastKnownFileType = sourcecode.swift; path = BaseCollectioViewCell.swift; sourceTree = "<group>"; };
		065E51692C3EA7820079DE64 /* SearchViewModel.swift */ = {isa = PBXFileReference; lastKnownFileType = sourcecode.swift; path = SearchViewModel.swift; sourceTree = "<group>"; };
		065E516B2C3EE9C90079DE64 /* ShoppingNetworkManager.swift */ = {isa = PBXFileReference; lastKnownFileType = sourcecode.swift; path = ShoppingNetworkManager.swift; sourceTree = "<group>"; };
		065E51792C42C3A80079DE64 /* SearchResultViewModel.swift */ = {isa = PBXFileReference; lastKnownFileType = sourcecode.swift; path = SearchResultViewModel.swift; sourceTree = "<group>"; };
		0690BC552C216C2400C5EAF6 /* NavigationController+.swift */ = {isa = PBXFileReference; lastKnownFileType = sourcecode.swift; path = "NavigationController+.swift"; sourceTree = "<group>"; };
		06A035D22C3BC10800CAFE3B /* LikeItemShowViewController.swift */ = {isa = PBXFileReference; lastKnownFileType = sourcecode.swift; path = LikeItemShowViewController.swift; sourceTree = "<group>"; };
		06A035D42C3BC12800CAFE3B /* BaseViewController.swift */ = {isa = PBXFileReference; lastKnownFileType = sourcecode.swift; path = BaseViewController.swift; sourceTree = "<group>"; };
		06A035D62C3BC81900CAFE3B /* RealmLikeListModel.swift */ = {isa = PBXFileReference; lastKnownFileType = sourcecode.swift; path = RealmLikeListModel.swift; sourceTree = "<group>"; };
		06A035DB2C3BCDA600CAFE3B /* LikeRepository.swift */ = {isa = PBXFileReference; lastKnownFileType = sourcecode.swift; path = LikeRepository.swift; sourceTree = "<group>"; };
		06A035DD2C3BD48A00CAFE3B /* FolderModel.swift */ = {isa = PBXFileReference; lastKnownFileType = sourcecode.swift; path = FolderModel.swift; sourceTree = "<group>"; };
		06A035E42C3C024400CAFE3B /* LikeFolderShowViewController.swift */ = {isa = PBXFileReference; lastKnownFileType = sourcecode.swift; path = LikeFolderShowViewController.swift; sourceTree = "<group>"; };
		06A035E62C3C027000CAFE3B /* LikeFolderShowTableViewCell.swift */ = {isa = PBXFileReference; lastKnownFileType = sourcecode.swift; path = LikeFolderShowTableViewCell.swift; sourceTree = "<group>"; };
		06A035E82C3C042900CAFE3B /* BaseTableViewCell.swift */ = {isa = PBXFileReference; lastKnownFileType = sourcecode.swift; path = BaseTableViewCell.swift; sourceTree = "<group>"; };
		06A035EA2C3C0D2600CAFE3B /* AddFolderViewController.swift */ = {isa = PBXFileReference; lastKnownFileType = sourcecode.swift; path = AddFolderViewController.swift; sourceTree = "<group>"; };
		06A035F42C3D238200CAFE3B /* ProfileSetViewModel.swift */ = {isa = PBXFileReference; lastKnownFileType = sourcecode.swift; path = ProfileSetViewModel.swift; sourceTree = "<group>"; };
		06A035F62C3D239F00CAFE3B /* Obsearvable.swift */ = {isa = PBXFileReference; lastKnownFileType = sourcecode.swift; path = Obsearvable.swift; sourceTree = "<group>"; };
		06A035FA2C3D4F8100CAFE3B /* SelectProfileViewModel.swift */ = {isa = PBXFileReference; lastKnownFileType = sourcecode.swift; path = SelectProfileViewModel.swift; sourceTree = "<group>"; };
		06B2ACDA2C42F93700BC2C1E /* FilterButtonView.swift */ = {isa = PBXFileReference; lastKnownFileType = sourcecode.swift; path = FilterButtonView.swift; sourceTree = "<group>"; };
		06E167A12C2ABCF800FD2FE7 /* OnboardingView.swift */ = {isa = PBXFileReference; lastKnownFileType = sourcecode.swift; path = OnboardingView.swift; sourceTree = "<group>"; };
		06E167A32C2ABD0600FD2FE7 /* BaseView.swift */ = {isa = PBXFileReference; lastKnownFileType = sourcecode.swift; path = BaseView.swift; sourceTree = "<group>"; };
		06F5308F2C1B085300487212 /* MeaningOutProject.app */ = {isa = PBXFileReference; explicitFileType = wrapper.application; includeInIndex = 0; path = MeaningOutProject.app; sourceTree = BUILT_PRODUCTS_DIR; };
		06F530922C1B085300487212 /* AppDelegate.swift */ = {isa = PBXFileReference; lastKnownFileType = sourcecode.swift; path = AppDelegate.swift; sourceTree = "<group>"; };
		06F530942C1B085300487212 /* SceneDelegate.swift */ = {isa = PBXFileReference; lastKnownFileType = sourcecode.swift; path = SceneDelegate.swift; sourceTree = "<group>"; };
		06F5309B2C1B085500487212 /* Assets.xcassets */ = {isa = PBXFileReference; lastKnownFileType = folder.assetcatalog; path = Assets.xcassets; sourceTree = "<group>"; };
		06F5309E2C1B085500487212 /* Base */ = {isa = PBXFileReference; lastKnownFileType = file.storyboard; name = Base; path = Base.lproj/LaunchScreen.storyboard; sourceTree = "<group>"; };
		06F530A02C1B085500487212 /* Info.plist */ = {isa = PBXFileReference; lastKnownFileType = text.plist.xml; path = Info.plist; sourceTree = "<group>"; };
		06F530A62C1B087400487212 /* .gitignore */ = {isa = PBXFileReference; lastKnownFileType = text; path = .gitignore; sourceTree = "<group>"; };
		06F530A92C1B0F8300487212 /* OnboardingViewController.swift */ = {isa = PBXFileReference; lastKnownFileType = sourcecode.swift; path = OnboardingViewController.swift; sourceTree = "<group>"; };
		06F530B92C1B104400487212 /* Image+.swift */ = {isa = PBXFileReference; lastKnownFileType = sourcecode.swift; path = "Image+.swift"; sourceTree = "<group>"; };
/* End PBXFileReference section */

/* Begin PBXFrameworksBuildPhase section */
		06F5308C2C1B085300487212 /* Frameworks */ = {
			isa = PBXFrameworksBuildPhase;
			buildActionMask = 2147483647;
			files = (
				06A035E32C3BDBF500CAFE3B /* RealmSwift in Frameworks */,
				06F530B52C1B0FD400487212 /* Kingfisher in Frameworks */,
				06F530B82C1B0FDC00487212 /* SnapKit in Frameworks */,
				06F530AF2C1B0FBE00487212 /* IQKeyboardManagerSwift in Frameworks */,
				06F530B22C1B0FC800487212 /* Alamofire in Frameworks */,
			);
			runOnlyForDeploymentPostprocessing = 0;
		};
/* End PBXFrameworksBuildPhase section */

/* Begin PBXGroup section */
		064914812C1B187D00B05833 /* CustomView */ = {
			isa = PBXGroup;
			children = (
				06B2ACDA2C42F93700BC2C1E /* FilterButtonView.swift */,
				064914842C1B1D8500B05833 /* SelcetButton.swift */,
				0649148F2C1B325400B05833 /* ProfileImageView.swift */,
			);
			path = CustomView;
			sourceTree = "<group>";
		};
		0649148E2C1B309600B05833 /* Enum */ = {
			isa = PBXGroup;
			children = (
				064914932C1B508400B05833 /* NickNameFilter.swift */,
				0650C6222C1C6BA400BDC4D1 /* Placeholder.swift */,
				0650C6302C1CB0FC00BDC4D1 /* FilterButton.swift */,
				0658AF202C1E12F300C65E3E /* ProfileSetType.swift */,
				060699392C2D03F60052A80F /* UserDefaultsID.swift */,
			);
			path = Enum;
			sourceTree = "<group>";
		};
		0650C6262C1C7C0300BDC4D1 /* SearchView */ = {
			isa = PBXGroup;
			children = (
			);
			path = SearchView;
			sourceTree = "<group>";
		};
		0650C6272C1C7C1F00BDC4D1 /* Main */ = {
			isa = PBXGroup;
			children = (
				0649149E2C1C235300B05833 /* TabBarController.swift */,
				0650C6262C1C7C0300BDC4D1 /* SearchView */,
				0650C6282C1C7C2D00BDC4D1 /* SettingView */,
			);
			path = Main;
			sourceTree = "<group>";
		};
		0650C6282C1C7C2D00BDC4D1 /* SettingView */ = {
			isa = PBXGroup;
			children = (
				064914A02C1C23A200B05833 /* SettingViewController.swift */,
				0658AF1E2C1DF55F00C65E3E /* SettingTableViewCell.swift */,
				06A035E42C3C024400CAFE3B /* LikeFolderShowViewController.swift */,
				06A035E62C3C027000CAFE3B /* LikeFolderShowTableViewCell.swift */,
				06A035EA2C3C0D2600CAFE3B /* AddFolderViewController.swift */,
				06A035D22C3BC10800CAFE3B /* LikeItemShowViewController.swift */,
			);
			path = SettingView;
			sourceTree = "<group>";
		};
		0650C62D2C1CAEF500BDC4D1 /* Service */ = {
			isa = PBXGroup;
			children = (
				0650C62B2C1CAED800BDC4D1 /* APIKey.swift */,
				0642E9D82C2EA31C008470CF /* ShoppingNetworkRequest.swift */,
				065E516B2C3EE9C90079DE64 /* ShoppingNetworkManager.swift */,
			);
			path = Service;
			sourceTree = "<group>";
		};
		0655AFA82C43D74E007EE66B /* Network */ = {
			isa = PBXGroup;
			children = (
				0658AF1C2C1DD98D00C65E3E /* NetworkViewController.swift */,
			);
			path = Network;
			sourceTree = "<group>";
		};
		065E51682C3EA74D0079DE64 /* Search */ = {
			isa = PBXGroup;
			children = (
				064914972C1B5D8000B05833 /* SearchViewController.swift */,
				0650C6292C1C7C5800BDC4D1 /* SearchTableViewCell.swift */,
				065E51692C3EA7820079DE64 /* SearchViewModel.swift */,
			);
			path = Search;
			sourceTree = "<group>";
		};
		065E51782C42C3840079DE64 /* SearchResult */ = {
			isa = PBXGroup;
			children = (
				0650C62E2C1CB02500BDC4D1 /* SearchResultViewController.swift */,
				0650C6342C1CB8E200BDC4D1 /* SearchResultCollectionViewCell.swift */,
				065E51792C42C3A80079DE64 /* SearchResultViewModel.swift */,
			);
			path = SearchResult;
			sourceTree = "<group>";
		};
		06A035F82C3D4F3200CAFE3B /* ProfileSet */ = {
			isa = PBXGroup;
			children = (
				064914862C1B27D300B05833 /* ProfileSetViewController.swift */,
				06A035F42C3D238200CAFE3B /* ProfileSetViewModel.swift */,
			);
			path = ProfileSet;
			sourceTree = "<group>";
		};
		06A035F92C3D4F4400CAFE3B /* SelectProfile */ = {
			isa = PBXGroup;
			children = (
				064914992C1B5E1700B05833 /* SelectProfileViewController.swift */,
				0649149C2C1B6EA700B05833 /* SelectProfileCollectionViewCell.swift */,
				06A035FA2C3D4F8100CAFE3B /* SelectProfileViewModel.swift */,
			);
			path = SelectProfile;
			sourceTree = "<group>";
		};
		06CFB4F02C2ABBB200C31D02 /* Base */ = {
			isa = PBXGroup;
			children = (
				06E167A32C2ABD0600FD2FE7 /* BaseView.swift */,
				06A035D42C3BC12800CAFE3B /* BaseViewController.swift */,
				06A035E82C3C042900CAFE3B /* BaseTableViewCell.swift */,
				065E51662C3E8E190079DE64 /* BaseCollectioViewCell.swift */,
			);
			path = Base;
			sourceTree = "<group>";
		};
		06E167A52C2AC20300FD2FE7 /* View */ = {
			isa = PBXGroup;
			children = (
			);
			path = View;
			sourceTree = "<group>";
		};
		06E167A62C2AC32B00FD2FE7 /* Refactoring */ = {
			isa = PBXGroup;
			children = (
				0655AFA82C43D74E007EE66B /* Network */,
				065E51782C42C3840079DE64 /* SearchResult */,
				065E51682C3EA74D0079DE64 /* Search */,
				06A035F92C3D4F4400CAFE3B /* SelectProfile */,
				06A035F82C3D4F3200CAFE3B /* ProfileSet */,
				06E167A72C2AC33B00FD2FE7 /* Onboarding */,
			);
			name = Refactoring;
			path = "리팩토링";
			sourceTree = "<group>";
		};
		06E167A72C2AC33B00FD2FE7 /* Onboarding */ = {
			isa = PBXGroup;
			children = (
				06F530A92C1B0F8300487212 /* OnboardingViewController.swift */,
				06E167A12C2ABCF800FD2FE7 /* OnboardingView.swift */,
			);
			path = Onboarding;
			sourceTree = "<group>";
		};
		06F530862C1B085300487212 = {
			isa = PBXGroup;
			children = (
				06F530A62C1B087400487212 /* .gitignore */,
				06F530912C1B085300487212 /* MeaningOutProject */,
				06F530902C1B085300487212 /* Products */,
			);
			sourceTree = "<group>";
		};
		06F530902C1B085300487212 /* Products */ = {
			isa = PBXGroup;
			children = (
				06F5308F2C1B085300487212 /* MeaningOutProject.app */,
			);
			name = Products;
			sourceTree = "<group>";
		};
		06F530912C1B085300487212 /* MeaningOutProject */ = {
			isa = PBXGroup;
			children = (
				06F530922C1B085300487212 /* AppDelegate.swift */,
				06F530942C1B085300487212 /* SceneDelegate.swift */,
				06A035F62C3D239F00CAFE3B /* Obsearvable.swift */,
				06CFB4F02C2ABBB200C31D02 /* Base */,
				0650C62D2C1CAEF500BDC4D1 /* Service */,
				0649148E2C1B309600B05833 /* Enum */,
				064914812C1B187D00B05833 /* CustomView */,
				06F530AC2C1B0FA000487212 /* extension+ */,
				06F530AB2C1B0F9400487212 /* Model */,
				06E167A52C2AC20300FD2FE7 /* View */,
				06F530A82C1B0F3C00487212 /* ViewController */,
				06E167A62C2AC32B00FD2FE7 /* Refactoring */,
				06F5309D2C1B085500487212 /* LaunchScreen.storyboard */,
				06F5309B2C1B085500487212 /* Assets.xcassets */,
				06F530A02C1B085500487212 /* Info.plist */,
			);
			path = MeaningOutProject;
			sourceTree = "<group>";
		};
		06F530A82C1B0F3C00487212 /* ViewController */ = {
			isa = PBXGroup;
			children = (
				0650C6272C1C7C1F00BDC4D1 /* Main */,
			);
			path = ViewController;
			sourceTree = "<group>";
		};
		06F530AB2C1B0F9400487212 /* Model */ = {
			isa = PBXGroup;
			children = (
				064914912C1B33DC00B05833 /* UserModel.swift */,
				0650C6242C1C720700BDC4D1 /* SearchDataModel.swift */,
				0650C6322C1CB28A00BDC4D1 /* ShoppingModel.swift */,
				06A035DB2C3BCDA600CAFE3B /* LikeRepository.swift */,
				06A035D62C3BC81900CAFE3B /* RealmLikeListModel.swift */,
				06A035DD2C3BD48A00CAFE3B /* FolderModel.swift */,
			);
			path = Model;
			sourceTree = "<group>";
		};
		06F530AC2C1B0FA000487212 /* extension+ */ = {
			isa = PBXGroup;
			children = (
				06F530B92C1B104400487212 /* Image+.swift */,
				064914822C1B18F700B05833 /* Color+.swift */,
				064914882C1B282200B05833 /* ReuseIdentifier+.swift */,
				064914952C1B529500B05833 /* ViewController+.swift */,
				0690BC552C216C2400C5EAF6 /* NavigationController+.swift */,
			);
			path = "extension+";
			sourceTree = "<group>";
		};
/* End PBXGroup section */

/* Begin PBXNativeTarget section */
		06F5308E2C1B085300487212 /* MeaningOutProject */ = {
			isa = PBXNativeTarget;
			buildConfigurationList = 06F530A32C1B085500487212 /* Build configuration list for PBXNativeTarget "MeaningOutProject" */;
			buildPhases = (
				06F5308B2C1B085300487212 /* Sources */,
				06F5308C2C1B085300487212 /* Frameworks */,
				06F5308D2C1B085300487212 /* Resources */,
			);
			buildRules = (
			);
			dependencies = (
			);
			name = MeaningOutProject;
			packageProductDependencies = (
				06F530AE2C1B0FBE00487212 /* IQKeyboardManagerSwift */,
				06F530B12C1B0FC800487212 /* Alamofire */,
				06F530B42C1B0FD400487212 /* Kingfisher */,
				06F530B72C1B0FDC00487212 /* SnapKit */,
				06A035E22C3BDBF500CAFE3B /* RealmSwift */,
			);
			productName = MeaningOutProject;
			productReference = 06F5308F2C1B085300487212 /* MeaningOutProject.app */;
			productType = "com.apple.product-type.application";
		};
/* End PBXNativeTarget section */

/* Begin PBXProject section */
		06F530872C1B085300487212 /* Project object */ = {
			isa = PBXProject;
			attributes = {
				BuildIndependentTargetsInParallel = 1;
				LastSwiftUpdateCheck = 1540;
				LastUpgradeCheck = 1540;
				TargetAttributes = {
					06F5308E2C1B085300487212 = {
						CreatedOnToolsVersion = 15.4;
					};
				};
			};
			buildConfigurationList = 06F5308A2C1B085300487212 /* Build configuration list for PBXProject "MeaningOutProject" */;
			compatibilityVersion = "Xcode 14.0";
			developmentRegion = en;
			hasScannedForEncodings = 0;
			knownRegions = (
				en,
				Base,
			);
			mainGroup = 06F530862C1B085300487212;
			packageReferences = (
				06F530AD2C1B0FBE00487212 /* XCRemoteSwiftPackageReference "IQKeyboardManager" */,
				06F530B02C1B0FC800487212 /* XCRemoteSwiftPackageReference "Alamofire" */,
				06F530B32C1B0FD400487212 /* XCRemoteSwiftPackageReference "Kingfisher" */,
				06F530B62C1B0FDC00487212 /* XCRemoteSwiftPackageReference "SnapKit" */,
				06A035DF2C3BDBF500CAFE3B /* XCRemoteSwiftPackageReference "realm-swift" */,
			);
			productRefGroup = 06F530902C1B085300487212 /* Products */;
			projectDirPath = "";
			projectRoot = "";
			targets = (
				06F5308E2C1B085300487212 /* MeaningOutProject */,
			);
		};
/* End PBXProject section */

/* Begin PBXResourcesBuildPhase section */
		06F5308D2C1B085300487212 /* Resources */ = {
			isa = PBXResourcesBuildPhase;
			buildActionMask = 2147483647;
			files = (
				06F530A72C1B087400487212 /* .gitignore in Resources */,
				06F5309C2C1B085500487212 /* Assets.xcassets in Resources */,
				06F5309F2C1B085500487212 /* Base in Resources */,
			);
			runOnlyForDeploymentPostprocessing = 0;
		};
/* End PBXResourcesBuildPhase section */

/* Begin PBXSourcesBuildPhase section */
		06F5308B2C1B085300487212 /* Sources */ = {
			isa = PBXSourcesBuildPhase;
			buildActionMask = 2147483647;
			files = (
				06A035DC2C3BCDA600CAFE3B /* LikeRepository.swift in Sources */,
				0642E9D92C2EA31C008470CF /* ShoppingNetworkRequest.swift in Sources */,
				06F530932C1B085300487212 /* AppDelegate.swift in Sources */,
				0650C62C2C1CAED800BDC4D1 /* APIKey.swift in Sources */,
				06A035E92C3C042900CAFE3B /* BaseTableViewCell.swift in Sources */,
				0649149F2C1C235300B05833 /* TabBarController.swift in Sources */,
				06E167A22C2ABCF800FD2FE7 /* OnboardingView.swift in Sources */,
				06A035D52C3BC12800CAFE3B /* BaseViewController.swift in Sources */,
				064914982C1B5D8000B05833 /* SearchViewController.swift in Sources */,
				064914872C1B27D300B05833 /* ProfileSetViewController.swift in Sources */,
				064914942C1B508400B05833 /* NickNameFilter.swift in Sources */,
				064914A12C1C23A200B05833 /* SettingViewController.swift in Sources */,
				0650C6332C1CB28A00BDC4D1 /* ShoppingModel.swift in Sources */,
				06A035DE2C3BD48A00CAFE3B /* FolderModel.swift in Sources */,
				065E517A2C42C3A80079DE64 /* SearchResultViewModel.swift in Sources */,
				064914852C1B1D8500B05833 /* SelcetButton.swift in Sources */,
				0650C62F2C1CB02500BDC4D1 /* SearchResultViewController.swift in Sources */,
				06B2ACDB2C42F93700BC2C1E /* FilterButtonView.swift in Sources */,
				0650C6312C1CB0FC00BDC4D1 /* FilterButton.swift in Sources */,
				06A035D72C3BC81900CAFE3B /* RealmLikeListModel.swift in Sources */,
				064914892C1B282200B05833 /* ReuseIdentifier+.swift in Sources */,
				0658AF1F2C1DF55F00C65E3E /* SettingTableViewCell.swift in Sources */,
				06A035D32C3BC10800CAFE3B /* LikeItemShowViewController.swift in Sources */,
				064914832C1B18F700B05833 /* Color+.swift in Sources */,
				0650C62A2C1C7C5800BDC4D1 /* SearchTableViewCell.swift in Sources */,
				0649149D2C1B6EA700B05833 /* SelectProfileCollectionViewCell.swift in Sources */,
				065E51672C3E8E190079DE64 /* BaseCollectioViewCell.swift in Sources */,
				064914962C1B529500B05833 /* ViewController+.swift in Sources */,
				06A035E52C3C024400CAFE3B /* LikeFolderShowViewController.swift in Sources */,
				06A035F72C3D239F00CAFE3B /* Obsearvable.swift in Sources */,
				065E516A2C3EA7820079DE64 /* SearchViewModel.swift in Sources */,
				0690BC562C216C2400C5EAF6 /* NavigationController+.swift in Sources */,
				0649149A2C1B5E1700B05833 /* SelectProfileViewController.swift in Sources */,
				06E167A42C2ABD0600FD2FE7 /* BaseView.swift in Sources */,
				0658AF212C1E12F300C65E3E /* ProfileSetType.swift in Sources */,
				06F530BA2C1B104400487212 /* Image+.swift in Sources */,
				064914902C1B325400B05833 /* ProfileImageView.swift in Sources */,
				06F530AA2C1B0F8300487212 /* OnboardingViewController.swift in Sources */,
				065E516C2C3EE9C90079DE64 /* ShoppingNetworkManager.swift in Sources */,
				06A035E72C3C027000CAFE3B /* LikeFolderShowTableViewCell.swift in Sources */,
				06A035EB2C3C0D2600CAFE3B /* AddFolderViewController.swift in Sources */,
				064914922C1B33DC00B05833 /* UserModel.swift in Sources */,
				06A035F52C3D238200CAFE3B /* ProfileSetViewModel.swift in Sources */,
				0650C6252C1C720700BDC4D1 /* SearchDataModel.swift in Sources */,
				06F530952C1B085300487212 /* SceneDelegate.swift in Sources */,
				0658AF1D2C1DD98D00C65E3E /* NetworkViewController.swift in Sources */,
				06A035FB2C3D4F8100CAFE3B /* SelectProfileViewModel.swift in Sources */,
				0606993A2C2D03F60052A80F /* UserDefaultsID.swift in Sources */,
				0650C6232C1C6BA400BDC4D1 /* Placeholder.swift in Sources */,
				0650C6352C1CB8E200BDC4D1 /* SearchResultCollectionViewCell.swift in Sources */,
			);
			runOnlyForDeploymentPostprocessing = 0;
		};
/* End PBXSourcesBuildPhase section */

/* Begin PBXVariantGroup section */
		06F5309D2C1B085500487212 /* LaunchScreen.storyboard */ = {
			isa = PBXVariantGroup;
			children = (
				06F5309E2C1B085500487212 /* Base */,
			);
			name = LaunchScreen.storyboard;
			sourceTree = "<group>";
		};
/* End PBXVariantGroup section */

/* Begin XCBuildConfiguration section */
		06F530A12C1B085500487212 /* Debug */ = {
			isa = XCBuildConfiguration;
			buildSettings = {
				ALWAYS_SEARCH_USER_PATHS = NO;
				ASSETCATALOG_COMPILER_GENERATE_SWIFT_ASSET_SYMBOL_EXTENSIONS = YES;
				CLANG_ANALYZER_NONNULL = YES;
				CLANG_ANALYZER_NUMBER_OBJECT_CONVERSION = YES_AGGRESSIVE;
				CLANG_CXX_LANGUAGE_STANDARD = "gnu++20";
				CLANG_ENABLE_MODULES = YES;
				CLANG_ENABLE_OBJC_ARC = YES;
				CLANG_ENABLE_OBJC_WEAK = YES;
				CLANG_WARN_BLOCK_CAPTURE_AUTORELEASING = YES;
				CLANG_WARN_BOOL_CONVERSION = YES;
				CLANG_WARN_COMMA = YES;
				CLANG_WARN_CONSTANT_CONVERSION = YES;
				CLANG_WARN_DEPRECATED_OBJC_IMPLEMENTATIONS = YES;
				CLANG_WARN_DIRECT_OBJC_ISA_USAGE = YES_ERROR;
				CLANG_WARN_DOCUMENTATION_COMMENTS = YES;
				CLANG_WARN_EMPTY_BODY = YES;
				CLANG_WARN_ENUM_CONVERSION = YES;
				CLANG_WARN_INFINITE_RECURSION = YES;
				CLANG_WARN_INT_CONVERSION = YES;
				CLANG_WARN_NON_LITERAL_NULL_CONVERSION = YES;
				CLANG_WARN_OBJC_IMPLICIT_RETAIN_SELF = YES;
				CLANG_WARN_OBJC_LITERAL_CONVERSION = YES;
				CLANG_WARN_OBJC_ROOT_CLASS = YES_ERROR;
				CLANG_WARN_QUOTED_INCLUDE_IN_FRAMEWORK_HEADER = YES;
				CLANG_WARN_RANGE_LOOP_ANALYSIS = YES;
				CLANG_WARN_STRICT_PROTOTYPES = YES;
				CLANG_WARN_SUSPICIOUS_MOVE = YES;
				CLANG_WARN_UNGUARDED_AVAILABILITY = YES_AGGRESSIVE;
				CLANG_WARN_UNREACHABLE_CODE = YES;
				CLANG_WARN__DUPLICATE_METHOD_MATCH = YES;
				COPY_PHASE_STRIP = NO;
				DEBUG_INFORMATION_FORMAT = dwarf;
				ENABLE_STRICT_OBJC_MSGSEND = YES;
				ENABLE_TESTABILITY = YES;
				ENABLE_USER_SCRIPT_SANDBOXING = YES;
				GCC_C_LANGUAGE_STANDARD = gnu17;
				GCC_DYNAMIC_NO_PIC = NO;
				GCC_NO_COMMON_BLOCKS = YES;
				GCC_OPTIMIZATION_LEVEL = 0;
				GCC_PREPROCESSOR_DEFINITIONS = (
					"DEBUG=1",
					"$(inherited)",
				);
				GCC_WARN_64_TO_32_BIT_CONVERSION = YES;
				GCC_WARN_ABOUT_RETURN_TYPE = YES_ERROR;
				GCC_WARN_UNDECLARED_SELECTOR = YES;
				GCC_WARN_UNINITIALIZED_AUTOS = YES_AGGRESSIVE;
				GCC_WARN_UNUSED_FUNCTION = YES;
				GCC_WARN_UNUSED_VARIABLE = YES;
				IPHONEOS_DEPLOYMENT_TARGET = 15.0;
				LOCALIZATION_PREFERS_STRING_CATALOGS = YES;
				MTL_ENABLE_DEBUG_INFO = INCLUDE_SOURCE;
				MTL_FAST_MATH = YES;
				ONLY_ACTIVE_ARCH = YES;
				SDKROOT = iphoneos;
				SWIFT_ACTIVE_COMPILATION_CONDITIONS = "DEBUG $(inherited)";
				SWIFT_OPTIMIZATION_LEVEL = "-Onone";
			};
			name = Debug;
		};
		06F530A22C1B085500487212 /* Release */ = {
			isa = XCBuildConfiguration;
			buildSettings = {
				ALWAYS_SEARCH_USER_PATHS = NO;
				ASSETCATALOG_COMPILER_GENERATE_SWIFT_ASSET_SYMBOL_EXTENSIONS = YES;
				CLANG_ANALYZER_NONNULL = YES;
				CLANG_ANALYZER_NUMBER_OBJECT_CONVERSION = YES_AGGRESSIVE;
				CLANG_CXX_LANGUAGE_STANDARD = "gnu++20";
				CLANG_ENABLE_MODULES = YES;
				CLANG_ENABLE_OBJC_ARC = YES;
				CLANG_ENABLE_OBJC_WEAK = YES;
				CLANG_WARN_BLOCK_CAPTURE_AUTORELEASING = YES;
				CLANG_WARN_BOOL_CONVERSION = YES;
				CLANG_WARN_COMMA = YES;
				CLANG_WARN_CONSTANT_CONVERSION = YES;
				CLANG_WARN_DEPRECATED_OBJC_IMPLEMENTATIONS = YES;
				CLANG_WARN_DIRECT_OBJC_ISA_USAGE = YES_ERROR;
				CLANG_WARN_DOCUMENTATION_COMMENTS = YES;
				CLANG_WARN_EMPTY_BODY = YES;
				CLANG_WARN_ENUM_CONVERSION = YES;
				CLANG_WARN_INFINITE_RECURSION = YES;
				CLANG_WARN_INT_CONVERSION = YES;
				CLANG_WARN_NON_LITERAL_NULL_CONVERSION = YES;
				CLANG_WARN_OBJC_IMPLICIT_RETAIN_SELF = YES;
				CLANG_WARN_OBJC_LITERAL_CONVERSION = YES;
				CLANG_WARN_OBJC_ROOT_CLASS = YES_ERROR;
				CLANG_WARN_QUOTED_INCLUDE_IN_FRAMEWORK_HEADER = YES;
				CLANG_WARN_RANGE_LOOP_ANALYSIS = YES;
				CLANG_WARN_STRICT_PROTOTYPES = YES;
				CLANG_WARN_SUSPICIOUS_MOVE = YES;
				CLANG_WARN_UNGUARDED_AVAILABILITY = YES_AGGRESSIVE;
				CLANG_WARN_UNREACHABLE_CODE = YES;
				CLANG_WARN__DUPLICATE_METHOD_MATCH = YES;
				COPY_PHASE_STRIP = NO;
				DEBUG_INFORMATION_FORMAT = "dwarf-with-dsym";
				ENABLE_NS_ASSERTIONS = NO;
				ENABLE_STRICT_OBJC_MSGSEND = YES;
				ENABLE_USER_SCRIPT_SANDBOXING = YES;
				GCC_C_LANGUAGE_STANDARD = gnu17;
				GCC_NO_COMMON_BLOCKS = YES;
				GCC_WARN_64_TO_32_BIT_CONVERSION = YES;
				GCC_WARN_ABOUT_RETURN_TYPE = YES_ERROR;
				GCC_WARN_UNDECLARED_SELECTOR = YES;
				GCC_WARN_UNINITIALIZED_AUTOS = YES_AGGRESSIVE;
				GCC_WARN_UNUSED_FUNCTION = YES;
				GCC_WARN_UNUSED_VARIABLE = YES;
				IPHONEOS_DEPLOYMENT_TARGET = 15.0;
				LOCALIZATION_PREFERS_STRING_CATALOGS = YES;
				MTL_ENABLE_DEBUG_INFO = NO;
				MTL_FAST_MATH = YES;
				SDKROOT = iphoneos;
				SWIFT_COMPILATION_MODE = wholemodule;
				VALIDATE_PRODUCT = YES;
			};
			name = Release;
		};
		06F530A42C1B085500487212 /* Debug */ = {
			isa = XCBuildConfiguration;
			buildSettings = {
				ASSETCATALOG_COMPILER_APPICON_NAME = AppIcon;
				ASSETCATALOG_COMPILER_GLOBAL_ACCENT_COLOR_NAME = AccentColor;
				CODE_SIGN_STYLE = Automatic;
				CURRENT_PROJECT_VERSION = 1;
				DEVELOPMENT_TEAM = G9LS4YQCM2;
				GENERATE_INFOPLIST_FILE = YES;
				INFOPLIST_FILE = MeaningOutProject/Info.plist;
				INFOPLIST_KEY_CFBundleDisplayName = "박성민";
				INFOPLIST_KEY_UIApplicationSupportsIndirectInputEvents = YES;
				INFOPLIST_KEY_UILaunchStoryboardName = LaunchScreen;
				INFOPLIST_KEY_UIStatusBarStyle = "";
				INFOPLIST_KEY_UISupportedInterfaceOrientations = UIInterfaceOrientationPortrait;
				INFOPLIST_KEY_UISupportedInterfaceOrientations_iPad = UIInterfaceOrientationPortrait;
				IPHONEOS_DEPLOYMENT_TARGET = 15.0;
				LD_RUNPATH_SEARCH_PATHS = (
					"$(inherited)",
					"@executable_path/Frameworks",
				);
				MARKETING_VERSION = 1.0;
				PRODUCT_BUNDLE_IDENTIFIER = com.Sixteenis.MeaningOutProject;
				PRODUCT_NAME = "$(TARGET_NAME)";
				SUPPORTED_PLATFORMS = "iphoneos iphonesimulator";
				SUPPORTS_MACCATALYST = NO;
				SUPPORTS_MAC_DESIGNED_FOR_IPHONE_IPAD = NO;
				SUPPORTS_XR_DESIGNED_FOR_IPHONE_IPAD = NO;
				SWIFT_EMIT_LOC_STRINGS = YES;
				SWIFT_VERSION = 5.0;
				TARGETED_DEVICE_FAMILY = 1;
			};
			name = Debug;
		};
		06F530A52C1B085500487212 /* Release */ = {
			isa = XCBuildConfiguration;
			buildSettings = {
				ASSETCATALOG_COMPILER_APPICON_NAME = AppIcon;
				ASSETCATALOG_COMPILER_GLOBAL_ACCENT_COLOR_NAME = AccentColor;
				CODE_SIGN_STYLE = Automatic;
				CURRENT_PROJECT_VERSION = 1;
				DEVELOPMENT_TEAM = G9LS4YQCM2;
				GENERATE_INFOPLIST_FILE = YES;
				INFOPLIST_FILE = MeaningOutProject/Info.plist;
				INFOPLIST_KEY_CFBundleDisplayName = "박성민";
				INFOPLIST_KEY_UIApplicationSupportsIndirectInputEvents = YES;
				INFOPLIST_KEY_UILaunchStoryboardName = LaunchScreen;
				INFOPLIST_KEY_UIStatusBarStyle = "";
				INFOPLIST_KEY_UISupportedInterfaceOrientations = UIInterfaceOrientationPortrait;
				INFOPLIST_KEY_UISupportedInterfaceOrientations_iPad = UIInterfaceOrientationPortrait;
				IPHONEOS_DEPLOYMENT_TARGET = 15.0;
				LD_RUNPATH_SEARCH_PATHS = (
					"$(inherited)",
					"@executable_path/Frameworks",
				);
				MARKETING_VERSION = 1.0;
				PRODUCT_BUNDLE_IDENTIFIER = com.Sixteenis.MeaningOutProject;
				PRODUCT_NAME = "$(TARGET_NAME)";
				SUPPORTED_PLATFORMS = "iphoneos iphonesimulator";
				SUPPORTS_MACCATALYST = NO;
				SUPPORTS_MAC_DESIGNED_FOR_IPHONE_IPAD = NO;
				SUPPORTS_XR_DESIGNED_FOR_IPHONE_IPAD = NO;
				SWIFT_EMIT_LOC_STRINGS = YES;
				SWIFT_VERSION = 5.0;
				TARGETED_DEVICE_FAMILY = 1;
			};
			name = Release;
		};
/* End XCBuildConfiguration section */

/* Begin XCConfigurationList section */
		06F5308A2C1B085300487212 /* Build configuration list for PBXProject "MeaningOutProject" */ = {
			isa = XCConfigurationList;
			buildConfigurations = (
				06F530A12C1B085500487212 /* Debug */,
				06F530A22C1B085500487212 /* Release */,
			);
			defaultConfigurationIsVisible = 0;
			defaultConfigurationName = Release;
		};
		06F530A32C1B085500487212 /* Build configuration list for PBXNativeTarget "MeaningOutProject" */ = {
			isa = XCConfigurationList;
			buildConfigurations = (
				06F530A42C1B085500487212 /* Debug */,
				06F530A52C1B085500487212 /* Release */,
			);
			defaultConfigurationIsVisible = 0;
			defaultConfigurationName = Release;
		};
/* End XCConfigurationList section */

/* Begin XCRemoteSwiftPackageReference section */
		06A035DF2C3BDBF500CAFE3B /* XCRemoteSwiftPackageReference "realm-swift" */ = {
			isa = XCRemoteSwiftPackageReference;
			repositoryURL = "https://github.com/realm/realm-swift.git";
			requirement = {
				branch = master;
				kind = branch;
			};
		};
		06F530AD2C1B0FBE00487212 /* XCRemoteSwiftPackageReference "IQKeyboardManager" */ = {
			isa = XCRemoteSwiftPackageReference;
			repositoryURL = "https://github.com/hackiftekhar/IQKeyboardManager.git";
			requirement = {
				kind = upToNextMajorVersion;
				minimumVersion = 7.0.3;
			};
		};
		06F530B02C1B0FC800487212 /* XCRemoteSwiftPackageReference "Alamofire" */ = {
			isa = XCRemoteSwiftPackageReference;
			repositoryURL = "https://github.com/Alamofire/Alamofire.git";
			requirement = {
				kind = upToNextMajorVersion;
				minimumVersion = 5.9.1;
			};
		};
		06F530B32C1B0FD400487212 /* XCRemoteSwiftPackageReference "Kingfisher" */ = {
			isa = XCRemoteSwiftPackageReference;
			repositoryURL = "https://github.com/onevcat/Kingfisher.git";
			requirement = {
				kind = upToNextMajorVersion;
				minimumVersion = 7.12.0;
			};
		};
		06F530B62C1B0FDC00487212 /* XCRemoteSwiftPackageReference "SnapKit" */ = {
			isa = XCRemoteSwiftPackageReference;
			repositoryURL = "https://github.com/SnapKit/SnapKit.git";
			requirement = {
				kind = upToNextMajorVersion;
				minimumVersion = 5.7.1;
			};
		};
/* End XCRemoteSwiftPackageReference section */

/* Begin XCSwiftPackageProductDependency section */
		06A035E22C3BDBF500CAFE3B /* RealmSwift */ = {
			isa = XCSwiftPackageProductDependency;
			package = 06A035DF2C3BDBF500CAFE3B /* XCRemoteSwiftPackageReference "realm-swift" */;
			productName = RealmSwift;
		};
		06F530AE2C1B0FBE00487212 /* IQKeyboardManagerSwift */ = {
			isa = XCSwiftPackageProductDependency;
			package = 06F530AD2C1B0FBE00487212 /* XCRemoteSwiftPackageReference "IQKeyboardManager" */;
			productName = IQKeyboardManagerSwift;
		};
		06F530B12C1B0FC800487212 /* Alamofire */ = {
			isa = XCSwiftPackageProductDependency;
			package = 06F530B02C1B0FC800487212 /* XCRemoteSwiftPackageReference "Alamofire" */;
			productName = Alamofire;
		};
		06F530B42C1B0FD400487212 /* Kingfisher */ = {
			isa = XCSwiftPackageProductDependency;
			package = 06F530B32C1B0FD400487212 /* XCRemoteSwiftPackageReference "Kingfisher" */;
			productName = Kingfisher;
		};
		06F530B72C1B0FDC00487212 /* SnapKit */ = {
			isa = XCSwiftPackageProductDependency;
			package = 06F530B62C1B0FDC00487212 /* XCRemoteSwiftPackageReference "SnapKit" */;
			productName = SnapKit;
		};
/* End XCSwiftPackageProductDependency section */
	};
	rootObject = 06F530872C1B085300487212 /* Project object */;
}
